// !$*UTF8*$!
{
	archiveVersion = 1;
	classes = {
	};
	objectVersion = 46;
	objects = {

/* Begin PBXBuildFile section */
		61C1FFE51FAE219800845343 /* AppDelegate.swift in Sources */ = {isa = PBXBuildFile; fileRef = 61C1FFE41FAE219800845343 /* AppDelegate.swift */; };
		61C1FFE71FAE219800845343 /* ViewController.swift in Sources */ = {isa = PBXBuildFile; fileRef = 61C1FFE61FAE219800845343 /* ViewController.swift */; };
		61C1FFEA1FAE219800845343 /* Main.storyboard in Resources */ = {isa = PBXBuildFile; fileRef = 61C1FFE81FAE219800845343 /* Main.storyboard */; };
		61C1FFEC1FAE219800845343 /* Assets.xcassets in Resources */ = {isa = PBXBuildFile; fileRef = 61C1FFEB1FAE219800845343 /* Assets.xcassets */; };
		61C1FFEF1FAE219800845343 /* LaunchScreen.storyboard in Resources */ = {isa = PBXBuildFile; fileRef = 61C1FFED1FAE219800845343 /* LaunchScreen.storyboard */; };
		61C1FFF71FAE28DF00845343 /* GoogleService-Info.plist in Resources */ = {isa = PBXBuildFile; fileRef = 61C1FFF61FAE28DF00845343 /* GoogleService-Info.plist */; };
		F26E630EB3851D4A64ADE447 /* Pods_Complaints.framework in Frameworks */ = {isa = PBXBuildFile; fileRef = 677B9D69B94F546723D24710 /* Pods_Complaints.framework */; };
/* End PBXBuildFile section */

/* Begin PBXFileReference section */
		31F53BC115BA191D60B9FA9E /* Pods-Complaints.release.xcconfig */ = {isa = PBXFileReference; includeInIndex = 1; lastKnownFileType = text.xcconfig; name = "Pods-Complaints.release.xcconfig"; path = "Pods/Target Support Files/Pods-Complaints/Pods-Complaints.release.xcconfig"; sourceTree = "<group>"; };
		61C1FFE11FAE219800845343 /* Complaints.app */ = {isa = PBXFileReference; explicitFileType = wrapper.application; includeInIndex = 0; path = Complaints.app; sourceTree = BUILT_PRODUCTS_DIR; };
		61C1FFE41FAE219800845343 /* AppDelegate.swift */ = {isa = PBXFileReference; lastKnownFileType = sourcecode.swift; path = AppDelegate.swift; sourceTree = "<group>"; };
		61C1FFE61FAE219800845343 /* ViewController.swift */ = {isa = PBXFileReference; lastKnownFileType = sourcecode.swift; path = ViewController.swift; sourceTree = "<group>"; };
		61C1FFE91FAE219800845343 /* Base */ = {isa = PBXFileReference; lastKnownFileType = file.storyboard; name = Base; path = Base.lproj/Main.storyboard; sourceTree = "<group>"; };
		61C1FFEB1FAE219800845343 /* Assets.xcassets */ = {isa = PBXFileReference; lastKnownFileType = folder.assetcatalog; path = Assets.xcassets; sourceTree = "<group>"; };
		61C1FFEE1FAE219800845343 /* Base */ = {isa = PBXFileReference; lastKnownFileType = file.storyboard; name = Base; path = Base.lproj/LaunchScreen.storyboard; sourceTree = "<group>"; };
		61C1FFF01FAE219800845343 /* Info.plist */ = {isa = PBXFileReference; lastKnownFileType = text.plist.xml; path = Info.plist; sourceTree = "<group>"; };
		61C1FFF61FAE28DF00845343 /* GoogleService-Info.plist */ = {isa = PBXFileReference; fileEncoding = 4; lastKnownFileType = text.plist.xml; path = "GoogleService-Info.plist"; sourceTree = "<group>"; };
		677B9D69B94F546723D24710 /* Pods_Complaints.framework */ = {isa = PBXFileReference; explicitFileType = wrapper.framework; includeInIndex = 0; path = Pods_Complaints.framework; sourceTree = BUILT_PRODUCTS_DIR; };
		DC906ECA1B1C75E8F9E9E8EE /* Pods-Complaints.debug.xcconfig */ = {isa = PBXFileReference; includeInIndex = 1; lastKnownFileType = text.xcconfig; name = "Pods-Complaints.debug.xcconfig"; path = "Pods/Target Support Files/Pods-Complaints/Pods-Complaints.debug.xcconfig"; sourceTree = "<group>"; };
/* End PBXFileReference section */

/* Begin PBXFrameworksBuildPhase section */
		61C1FFDE1FAE219700845343 /* Frameworks */ = {
			isa = PBXFrameworksBuildPhase;
			buildActionMask = 2147483647;
			files = (
				F26E630EB3851D4A64ADE447 /* Pods_Complaints.framework in Frameworks */,
			);
			runOnlyForDeploymentPostprocessing = 0;
		};
/* End PBXFrameworksBuildPhase section */

/* Begin PBXGroup section */
		61C1FFD81FAE219700845343 = {
			isa = PBXGroup;
			children = (
				61C1FFE31FAE219800845343 /* Complaints */,
				61C1FFE21FAE219800845343 /* Products */,
				B986895F9BB738CF61737277 /* Pods */,
				678F1F1E453633D8D218E742 /* Frameworks */,
			);
			sourceTree = "<group>";
		};
		61C1FFE21FAE219800845343 /* Products */ = {
			isa = PBXGroup;
			children = (
				61C1FFE11FAE219800845343 /* Complaints.app */,
			);
			name = Products;
			sourceTree = "<group>";
		};
		61C1FFE31FAE219800845343 /* Complaints */ = {
			isa = PBXGroup;
			children = (
				61C1FFE41FAE219800845343 /* AppDelegate.swift */,
				61C1FFE61FAE219800845343 /* ViewController.swift */,
				61C1FFE81FAE219800845343 /* Main.storyboard */,
				61C1FFEB1FAE219800845343 /* Assets.xcassets */,
				61C1FFED1FAE219800845343 /* LaunchScreen.storyboard */,
				61C1FFF01FAE219800845343 /* Info.plist */,
				61C1FFF61FAE28DF00845343 /* GoogleService-Info.plist */,
			);
			path = Complaints;
			sourceTree = "<group>";
		};
		678F1F1E453633D8D218E742 /* Frameworks */ = {
			isa = PBXGroup;
			children = (
				677B9D69B94F546723D24710 /* Pods_Complaints.framework */,
			);
			name = Frameworks;
			sourceTree = "<group>";
		};
		B986895F9BB738CF61737277 /* Pods */ = {
			isa = PBXGroup;
			children = (
				DC906ECA1B1C75E8F9E9E8EE /* Pods-Complaints.debug.xcconfig */,
				31F53BC115BA191D60B9FA9E /* Pods-Complaints.release.xcconfig */,
			);
			name = Pods;
			sourceTree = "<group>";
		};
/* End PBXGroup section */

/* Begin PBXNativeTarget section */
		61C1FFE01FAE219700845343 /* Complaints */ = {
			isa = PBXNativeTarget;
			buildConfigurationList = 61C1FFF31FAE219800845343 /* Build configuration list for PBXNativeTarget "Complaints" */;
			buildPhases = (
				0BFD3AFA23EE414CABCB3850 /* [CP] Check Pods Manifest.lock */,
				61C1FFDD1FAE219700845343 /* Sources */,
				61C1FFDE1FAE219700845343 /* Frameworks */,
				61C1FFDF1FAE219700845343 /* Resources */,
				732188D4C511B7B97F9AC0F7 /* [CP] Embed Pods Frameworks */,
				B29E115B383FC8463AF8AF85 /* [CP] Copy Pods Resources */,
			);
			buildRules = (
			);
			dependencies = (
			);
			name = Complaints;
			productName = Complaints;
			productReference = 61C1FFE11FAE219800845343 /* Complaints.app */;
			productType = "com.apple.product-type.application";
		};
/* End PBXNativeTarget section */

/* Begin PBXProject section */
		61C1FFD91FAE219700845343 /* Project object */ = {
			isa = PBXProject;
			attributes = {
				LastSwiftUpdateCheck = 0820;
				LastUpgradeCheck = 0820;
				ORGANIZATIONNAME = "Oskar Klonowski";
				TargetAttributes = {
					61C1FFE01FAE219700845343 = {
						CreatedOnToolsVersion = 8.2.1;
						DevelopmentTeam = LT9843EV6S;
						ProvisioningStyle = Automatic;
					};
				};
			};
			buildConfigurationList = 61C1FFDC1FAE219700845343 /* Build configuration list for PBXProject "Complaints" */;
			compatibilityVersion = "Xcode 3.2";
			developmentRegion = English;
			hasScannedForEncodings = 0;
			knownRegions = (
				en,
				Base,
			);
			mainGroup = 61C1FFD81FAE219700845343;
			productRefGroup = 61C1FFE21FAE219800845343 /* Products */;
			projectDirPath = "";
			projectRoot = "";
			targets = (
				61C1FFE01FAE219700845343 /* Complaints */,
			);
		};
/* End PBXProject section */

/* Begin PBXResourcesBuildPhase section */
		61C1FFDF1FAE219700845343 /* Resources */ = {
			isa = PBXResourcesBuildPhase;
			buildActionMask = 2147483647;
			files = (
				61C1FFEF1FAE219800845343 /* LaunchScreen.storyboard in Resources */,
				61C1FFF71FAE28DF00845343 /* GoogleService-Info.plist in Resources */,
				61C1FFEC1FAE219800845343 /* Assets.xcassets in Resources */,
				61C1FFEA1FAE219800845343 /* Main.storyboard in Resources */,
			);
			runOnlyForDeploymentPostprocessing = 0;
		};
/* End PBXResourcesBuildPhase section */

/* Begin PBXShellScriptBuildPhase section */
		0BFD3AFA23EE414CABCB3850 /* [CP] Check Pods Manifest.lock */ = {
			isa = PBXShellScriptBuildPhase;
			buildActionMask = 2147483647;
			files = (
			);
			inputPaths = (
			);
			name = "[CP] Check Pods Manifest.lock";
			outputPaths = (
			);
			runOnlyForDeploymentPostprocessing = 0;
			shellPath = /bin/sh;
			shellScript = "diff \"${PODS_ROOT}/../Podfile.lock\" \"${PODS_ROOT}/Manifest.lock\" > /dev/null\nif [ $? != 0 ] ; then\n    # print error to STDERR\n    echo \"error: The sandbox is not in sync with the Podfile.lock. Run 'pod install' or update your CocoaPods installation.\" >&2\n    exit 1\nfi\n";
			showEnvVarsInLog = 0;
		};
		732188D4C511B7B97F9AC0F7 /* [CP] Embed Pods Frameworks */ = {
			isa = PBXShellScriptBuildPhase;
			buildActionMask = 2147483647;
			files = (
			);
			inputPaths = (
			);
			name = "[CP] Embed Pods Frameworks";
			outputPaths = (
			);
			runOnlyForDeploymentPostprocessing = 0;
			shellPath = /bin/sh;
			shellScript = "\"${SRCROOT}/Pods/Target Support Files/Pods-Complaints/Pods-Complaints-frameworks.sh\"\n";
			showEnvVarsInLog = 0;
		};
		B29E115B383FC8463AF8AF85 /* [CP] Copy Pods Resources */ = {
			isa = PBXShellScriptBuildPhase;
			buildActionMask = 2147483647;
			files = (
			);
			inputPaths = (
			);
			name = "[CP] Copy Pods Resources";
			outputPaths = (
			);
			runOnlyForDeploymentPostprocessing = 0;
			shellPath = /bin/sh;
			shellScript = "\"${SRCROOT}/Pods/Target Support Files/Pods-Complaints/Pods-Complaints-resources.sh\"\n";
			showEnvVarsInLog = 0;
		};
/* End PBXShellScriptBuildPhase section */

/* Begin PBXSourcesBuildPhase section */
		61C1FFDD1FAE219700845343 /* Sources */ = {
			isa = PBXSourcesBuildPhase;
			buildActionMask = 2147483647;
			files = (
				61C1FFE71FAE219800845343 /* ViewController.swift in Sources */,
				61C1FFE51FAE219800845343 /* AppDelegate.swift in Sources */,
			);
			runOnlyForDeploymentPostprocessing = 0;
		};
/* End PBXSourcesBuildPhase section */

/* Begin PBXVariantGroup section */
		61C1FFE81FAE219800845343 /* Main.storyboard */ = {
			isa = PBXVariantGroup;
			children = (
				61C1FFE91FAE219800845343 /* Base */,
			);
			name = Main.storyboard;
			sourceTree = "<group>";
		};
		61C1FFED1FAE219800845343 /* LaunchScreen.storyboard */ = {
			isa = PBXVariantGroup;
			children = (
				61C1FFEE1FAE219800845343 /* Base */,
			);
			name = LaunchScreen.storyboard;
			sourceTree = "<group>";
		};
/* End PBXVariantGroup section */

/* Begin XCBuildConfiguration section */
		61C1FFF11FAE219800845343 /* Debug */ = {
			isa = XCBuildConfiguration;
			buildSettings = {
				ALWAYS_SEARCH_USER_PATHS = NO;
				CLANG_ANALYZER_NONNULL = YES;
				CLANG_CXX_LANGUAGE_STANDARD = "gnu++0x";
				CLANG_CXX_LIBRARY = "libc++";
				CLANG_ENABLE_MODULES = YES;
				CLANG_ENABLE_OBJC_ARC = YES;
				CLANG_WARN_BOOL_CONVERSION = YES;
				CLANG_WARN_CONSTANT_CONVERSION = YES;
				CLANG_WARN_DIRECT_OBJC_ISA_USAGE = YES_ERROR;
				CLANG_WARN_DOCUMENTATION_COMMENTS = YES;
				CLANG_WARN_EMPTY_BODY = YES;
				CLANG_WARN_ENUM_CONVERSION = YES;
				CLANG_WARN_INFINITE_RECURSION = YES;
				CLANG_WARN_INT_CONVERSION = YES;
				CLANG_WARN_OBJC_ROOT_CLASS = YES_ERROR;
				CLANG_WARN_SUSPICIOUS_MOVE = YES;
				CLANG_WARN_UNREACHABLE_CODE = YES;
				CLANG_WARN__DUPLICATE_METHOD_MATCH = YES;
				"CODE_SIGN_IDENTITY[sdk=iphoneos*]" = "iPhone Developer";
				COPY_PHASE_STRIP = NO;
				DEBUG_INFORMATION_FORMAT = dwarf;
				ENABLE_STRICT_OBJC_MSGSEND = YES;
				ENABLE_TESTABILITY = YES;
				GCC_C_LANGUAGE_STANDARD = gnu99;
				GCC_DYNAMIC_NO_PIC = NO;
				GCC_NO_COMMON_BLOCKS = YES;
				GCC_OPTIMIZATION_LEVEL = 0;
				GCC_PREPROCESSOR_DEFINITIONS = (
					"DEBUG=1",
					"$(inherited)",
				);
				GCC_WARN_64_TO_32_BIT_CONVERSION = YES;
				GCC_WARN_ABOUT_RETURN_TYPE = YES_ERROR;
				GCC_WARN_UNDECLARED_SELECTOR = YES;
				GCC_WARN_UNINITIALIZED_AUTOS = YES_AGGRESSIVE;
				GCC_WARN_UNUSED_FUNCTION = YES;
				GCC_WARN_UNUSED_VARIABLE = YES;
				IPHONEOS_DEPLOYMENT_TARGET = 10.2;
				MTL_ENABLE_DEBUG_INFO = YES;
				ONLY_ACTIVE_ARCH = YES;
				SDKROOT = iphoneos;
				SWIFT_ACTIVE_COMPILATION_CONDITIONS = DEBUG;
				SWIFT_OPTIMIZATION_LEVEL = "-Onone";
			};
			name = Debug;
		};
		61C1FFF21FAE219800845343 /* Release */ = {
			isa = XCBuildConfiguration;
			buildSettings = {
				ALWAYS_SEARCH_USER_PATHS = NO;
				CLANG_ANALYZER_NONNULL = YES;
				CLANG_CXX_LANGUAGE_STANDARD = "gnu++0x";
				CLANG_CXX_LIBRARY = "libc++";
				CLANG_ENABLE_MODULES = YES;
				CLANG_ENABLE_OBJC_ARC = YES;
				CLANG_WARN_BOOL_CONVERSION = YES;
				CLANG_WARN_CONSTANT_CONVERSION = YES;
				CLANG_WARN_DIRECT_OBJC_ISA_USAGE = YES_ERROR;
				CLANG_WARN_DOCUMENTATION_COMMENTS = YES;
				CLANG_WARN_EMPTY_BODY = YES;
				CLANG_WARN_ENUM_CONVERSION = YES;
				CLANG_WARN_INFINITE_RECURSION = YES;
				CLANG_WARN_INT_CONVERSION = YES;
				CLANG_WARN_OBJC_ROOT_CLASS = YES_ERROR;
				CLANG_WARN_SUSPICIOUS_MOVE = YES;
				CLANG_WARN_UNREACHABLE_CODE = YES;
				CLANG_WARN__DUPLICATE_METHOD_MATCH = YES;
				"CODE_SIGN_IDENTITY[sdk=iphoneos*]" = "iPhone Developer";
				COPY_PHASE_STRIP = NO;
				DEBUG_INFORMATION_FORMAT = "dwarf-with-dsym";
				ENABLE_NS_ASSERTIONS = NO;
				ENABLE_STRICT_OBJC_MSGSEND = YES;
				GCC_C_LANGUAGE_STANDARD = gnu99;
				GCC_NO_COMMON_BLOCKS = YES;
				GCC_WARN_64_TO_32_BIT_CONVERSION = YES;
				GCC_WARN_ABOUT_RETURN_TYPE = YES_ERROR;
				GCC_WARN_UNDECLARED_SELECTOR = YES;
				GCC_WARN_UNINITIALIZED_AUTOS = YES_AGGRESSIVE;
				GCC_WARN_UNUSED_FUNCTION = YES;
				GCC_WARN_UNUSED_VARIABLE = YES;
				IPHONEOS_DEPLOYMENT_TARGET = 10.2;
				MTL_ENABLE_DEBUG_INFO = NO;
				SDKROOT = iphoneos;
				SWIFT_OPTIMIZATION_LEVEL = "-Owholemodule";
				VALIDATE_PRODUCT = YES;
			};
			name = Release;
		};
		61C1FFF41FAE219800845343 /* Debug */ = {
			isa = XCBuildConfiguration;
			baseConfigurationReference = DC906ECA1B1C75E8F9E9E8EE /* Pods-Complaints.debug.xcconfig */;
			buildSettings = {
				ASSETCATALOG_COMPILER_APPICON_NAME = AppIcon;
				DEVELOPMENT_TEAM = LT9843EV6S;
				INFOPLIST_FILE = Complaints/Info.plist;
				LD_RUNPATH_SEARCH_PATHS = "$(inherited) @executable_path/Frameworks";
				PRODUCT_BUNDLE_IDENTIFIER = com.oskarklonowski.Complaints;
				PRODUCT_NAME = "$(TARGET_NAME)";
				SWIFT_VERSION = 3.0;
			};
			name = Debug;
		};
		61C1FFF51FAE219800845343 /* Release */ = {
			isa = XCBuildConfiguration;
			baseConfigurationReference = 31F53BC115BA191D60B9FA9E /* Pods-Complaints.release.xcconfig */;
			buildSettings = {
				ASSETCATALOG_COMPILER_APPICON_NAME = AppIcon;
				DEVELOPMENT_TEAM = LT9843EV6S;
				INFOPLIST_FILE = Complaints/Info.plist;
				LD_RUNPATH_SEARCH_PATHS = "$(inherited) @executable_path/Frameworks";
				PRODUCT_BUNDLE_IDENTIFIER = com.oskarklonowski.Complaints;
				PRODUCT_NAME = "$(TARGET_NAME)";
				SWIFT_VERSION = 3.0;
			};
			name = Release;
		};
/* End XCBuildConfiguration section */

/* Begin XCConfigurationList section */
		61C1FFDC1FAE219700845343 /* Build configuration list for PBXProject "Complaints" */ = {
			isa = XCConfigurationList;
			buildConfigurations = (
				61C1FFF11FAE219800845343 /* Debug */,
				61C1FFF21FAE219800845343 /* Release */,
			);
			defaultConfigurationIsVisible = 0;
			defaultConfigurationName = Release;
		};
		61C1FFF31FAE219800845343 /* Build configuration list for PBXNativeTarget "Complaints" */ = {
			isa = XCConfigurationList;
			buildConfigurations = (
				61C1FFF41FAE219800845343 /* Debug */,
				61C1FFF51FAE219800845343 /* Release */,
			);
			defaultConfigurationIsVisible = 0;
		};
/* End XCConfigurationList section */
	};
	rootObject = 61C1FFD91FAE219700845343 /* Project object */;
}
